// !$*UTF8*$!
{
	archiveVersion = 1;
	classes = {
	};
	objectVersion = 56;
	objects = {

/* Begin PBXBuildFile section */
		AB84A9712A78EF24003965C0 /* AppDelegate.swift in Sources */ = {isa = PBXBuildFile; fileRef = AB84A9702A78EF24003965C0 /* AppDelegate.swift */; };
		AB84A9732A78EF24003965C0 /* SceneDelegate.swift in Sources */ = {isa = PBXBuildFile; fileRef = AB84A9722A78EF24003965C0 /* SceneDelegate.swift */; };
		AB84A9752A78EF24003965C0 /* UserProfileViewController.swift in Sources */ = {isa = PBXBuildFile; fileRef = AB84A9742A78EF24003965C0 /* UserProfileViewController.swift */; };
		AB84A97A2A78EF25003965C0 /* Assets.xcassets in Resources */ = {isa = PBXBuildFile; fileRef = AB84A9792A78EF25003965C0 /* Assets.xcassets */; };
		AB84A97D2A78EF25003965C0 /* LaunchScreen.storyboard in Resources */ = {isa = PBXBuildFile; fileRef = AB84A97B2A78EF25003965C0 /* LaunchScreen.storyboard */; };
		AB84A9852A78F929003965C0 /* UserProfileView.swift in Sources */ = {isa = PBXBuildFile; fileRef = AB84A9842A78F929003965C0 /* UserProfileView.swift */; };
		AB84A9872A78FC89003965C0 /* LocationView.swift in Sources */ = {isa = PBXBuildFile; fileRef = AB84A9862A78FC89003965C0 /* LocationView.swift */; };
		AB84A9892A78FFE5003965C0 /* UIColor+Extension.swift in Sources */ = {isa = PBXBuildFile; fileRef = AB84A9882A78FFE5003965C0 /* UIColor+Extension.swift */; };
		AB84A98B2A790484003965C0 /* SkillsCollectionViewCell.swift in Sources */ = {isa = PBXBuildFile; fileRef = AB84A98A2A790484003965C0 /* SkillsCollectionViewCell.swift */; };
		AB84A98D2A7909E3003965C0 /* CustomFlowLayout.swift in Sources */ = {isa = PBXBuildFile; fileRef = AB84A98C2A7909E3003965C0 /* CustomFlowLayout.swift */; };
		AB84A98F2A79191A003965C0 /* Protocol.swift in Sources */ = {isa = PBXBuildFile; fileRef = AB84A98E2A79191A003965C0 /* Protocol.swift */; };
		AB84A9912A79232D003965C0 /* AboutMeView.swift in Sources */ = {isa = PBXBuildFile; fileRef = AB84A9902A79232D003965C0 /* AboutMeView.swift */; };
		AB84A9932A794C3C003965C0 /* UIView + Extension.swift in Sources */ = {isa = PBXBuildFile; fileRef = AB84A9922A794C3C003965C0 /* UIView + Extension.swift */; };
		AB84A9952A7952BD003965C0 /* Datasource.swift in Sources */ = {isa = PBXBuildFile; fileRef = AB84A9942A7952BD003965C0 /* Datasource.swift */; };
/* End PBXBuildFile section */

/* Begin PBXFileReference section */
		AB84A96D2A78EF24003965C0 /* SurfSchoolTest2023.app */ = {isa = PBXFileReference; explicitFileType = wrapper.application; includeInIndex = 0; path = SurfSchoolTest2023.app; sourceTree = BUILT_PRODUCTS_DIR; };
		AB84A9702A78EF24003965C0 /* AppDelegate.swift */ = {isa = PBXFileReference; lastKnownFileType = sourcecode.swift; path = AppDelegate.swift; sourceTree = "<group>"; };
		AB84A9722A78EF24003965C0 /* SceneDelegate.swift */ = {isa = PBXFileReference; lastKnownFileType = sourcecode.swift; path = SceneDelegate.swift; sourceTree = "<group>"; };
		AB84A9742A78EF24003965C0 /* UserProfileViewController.swift */ = {isa = PBXFileReference; lastKnownFileType = sourcecode.swift; path = UserProfileViewController.swift; sourceTree = "<group>"; };
		AB84A9792A78EF25003965C0 /* Assets.xcassets */ = {isa = PBXFileReference; lastKnownFileType = folder.assetcatalog; path = Assets.xcassets; sourceTree = "<group>"; };
		AB84A97C2A78EF25003965C0 /* Base */ = {isa = PBXFileReference; lastKnownFileType = file.storyboard; name = Base; path = Base.lproj/LaunchScreen.storyboard; sourceTree = "<group>"; };
		AB84A97E2A78EF25003965C0 /* Info.plist */ = {isa = PBXFileReference; lastKnownFileType = text.plist.xml; path = Info.plist; sourceTree = "<group>"; };
		AB84A9842A78F929003965C0 /* UserProfileView.swift */ = {isa = PBXFileReference; lastKnownFileType = sourcecode.swift; path = UserProfileView.swift; sourceTree = "<group>"; };
		AB84A9862A78FC89003965C0 /* LocationView.swift */ = {isa = PBXFileReference; lastKnownFileType = sourcecode.swift; path = LocationView.swift; sourceTree = "<group>"; };
		AB84A9882A78FFE5003965C0 /* UIColor+Extension.swift */ = {isa = PBXFileReference; lastKnownFileType = sourcecode.swift; path = "UIColor+Extension.swift"; sourceTree = "<group>"; };
		AB84A98A2A790484003965C0 /* SkillsCollectionViewCell.swift */ = {isa = PBXFileReference; lastKnownFileType = sourcecode.swift; path = SkillsCollectionViewCell.swift; sourceTree = "<group>"; };
		AB84A98C2A7909E3003965C0 /* CustomFlowLayout.swift */ = {isa = PBXFileReference; lastKnownFileType = sourcecode.swift; path = CustomFlowLayout.swift; sourceTree = "<group>"; };
		AB84A98E2A79191A003965C0 /* Protocol.swift */ = {isa = PBXFileReference; lastKnownFileType = sourcecode.swift; path = Protocol.swift; sourceTree = "<group>"; };
		AB84A9902A79232D003965C0 /* AboutMeView.swift */ = {isa = PBXFileReference; lastKnownFileType = sourcecode.swift; path = AboutMeView.swift; sourceTree = "<group>"; };
		AB84A9922A794C3C003965C0 /* UIView + Extension.swift */ = {isa = PBXFileReference; lastKnownFileType = sourcecode.swift; path = "UIView + Extension.swift"; sourceTree = "<group>"; };
		AB84A9942A7952BD003965C0 /* Datasource.swift */ = {isa = PBXFileReference; lastKnownFileType = sourcecode.swift; path = Datasource.swift; sourceTree = "<group>"; };
/* End PBXFileReference section */

/* Begin PBXFrameworksBuildPhase section */
		AB84A96A2A78EF24003965C0 /* Frameworks */ = {
			isa = PBXFrameworksBuildPhase;
			buildActionMask = 2147483647;
			files = (
			);
			runOnlyForDeploymentPostprocessing = 0;
		};
/* End PBXFrameworksBuildPhase section */

/* Begin PBXGroup section */
		AB84A9642A78EF24003965C0 = {
			isa = PBXGroup;
			children = (
				AB84A9942A7952BD003965C0 /* Datasource.swift */,
				AB84A9922A794C3C003965C0 /* UIView + Extension.swift */,
				AB84A96F2A78EF24003965C0 /* SurfSchoolTest2023 */,
				AB84A96E2A78EF24003965C0 /* Products */,
			);
			sourceTree = "<group>";
		};
		AB84A96E2A78EF24003965C0 /* Products */ = {
			isa = PBXGroup;
			children = (
				AB84A96D2A78EF24003965C0 /* SurfSchoolTest2023.app */,
			);
			name = Products;
			sourceTree = "<group>";
		};
		AB84A96F2A78EF24003965C0 /* SurfSchoolTest2023 */ = {
			isa = PBXGroup;
			children = (
				AB84A9902A79232D003965C0 /* AboutMeView.swift */,
				AB84A98E2A79191A003965C0 /* Protocol.swift */,
				AB84A98C2A7909E3003965C0 /* CustomFlowLayout.swift */,
				AB84A98A2A790484003965C0 /* SkillsCollectionViewCell.swift */,
				AB84A9862A78FC89003965C0 /* LocationView.swift */,
				AB84A9702A78EF24003965C0 /* AppDelegate.swift */,
				AB84A9722A78EF24003965C0 /* SceneDelegate.swift */,
				AB84A9742A78EF24003965C0 /* UserProfileViewController.swift */,
				AB84A9842A78F929003965C0 /* UserProfileView.swift */,
				AB84A9882A78FFE5003965C0 /* UIColor+Extension.swift */,
				AB84A9792A78EF25003965C0 /* Assets.xcassets */,
				AB84A97B2A78EF25003965C0 /* LaunchScreen.storyboard */,
				AB84A97E2A78EF25003965C0 /* Info.plist */,
			);
			path = SurfSchoolTest2023;
			sourceTree = "<group>";
		};
/* End PBXGroup section */

/* Begin PBXNativeTarget section */
		AB84A96C2A78EF24003965C0 /* SurfSchoolTest2023 */ = {
			isa = PBXNativeTarget;
			buildConfigurationList = AB84A9812A78EF25003965C0 /* Build configuration list for PBXNativeTarget "SurfSchoolTest2023" */;
			buildPhases = (
				AB84A9692A78EF24003965C0 /* Sources */,
				AB84A96A2A78EF24003965C0 /* Frameworks */,
				AB84A96B2A78EF24003965C0 /* Resources */,
			);
			buildRules = (
			);
			dependencies = (
			);
			name = SurfSchoolTest2023;
			productName = SurfSchoolTest2023;
			productReference = AB84A96D2A78EF24003965C0 /* SurfSchoolTest2023.app */;
			productType = "com.apple.product-type.application";
		};
/* End PBXNativeTarget section */

/* Begin PBXProject section */
		AB84A9652A78EF24003965C0 /* Project object */ = {
			isa = PBXProject;
			attributes = {
				BuildIndependentTargetsInParallel = 1;
				LastSwiftUpdateCheck = 1410;
				LastUpgradeCheck = 1410;
				TargetAttributes = {
					AB84A96C2A78EF24003965C0 = {
						CreatedOnToolsVersion = 14.1;
					};
				};
			};
			buildConfigurationList = AB84A9682A78EF24003965C0 /* Build configuration list for PBXProject "SurfSchoolTest2023" */;
			compatibilityVersion = "Xcode 14.0";
			developmentRegion = en;
			hasScannedForEncodings = 0;
			knownRegions = (
				en,
				Base,
			);
			mainGroup = AB84A9642A78EF24003965C0;
			productRefGroup = AB84A96E2A78EF24003965C0 /* Products */;
			projectDirPath = "";
			projectRoot = "";
			targets = (
				AB84A96C2A78EF24003965C0 /* SurfSchoolTest2023 */,
			);
		};
/* End PBXProject section */

/* Begin PBXResourcesBuildPhase section */
		AB84A96B2A78EF24003965C0 /* Resources */ = {
			isa = PBXResourcesBuildPhase;
			buildActionMask = 2147483647;
			files = (
				AB84A97D2A78EF25003965C0 /* LaunchScreen.storyboard in Resources */,
				AB84A97A2A78EF25003965C0 /* Assets.xcassets in Resources */,
			);
			runOnlyForDeploymentPostprocessing = 0;
		};
/* End PBXResourcesBuildPhase section */

/* Begin PBXSourcesBuildPhase section */
		AB84A9692A78EF24003965C0 /* Sources */ = {
			isa = PBXSourcesBuildPhase;
			buildActionMask = 2147483647;
			files = (
				AB84A98B2A790484003965C0 /* SkillsCollectionViewCell.swift in Sources */,
				AB84A9752A78EF24003965C0 /* UserProfileViewController.swift in Sources */,
				AB84A98D2A7909E3003965C0 /* CustomFlowLayout.swift in Sources */,
				AB84A9712A78EF24003965C0 /* AppDelegate.swift in Sources */,
				AB84A9932A794C3C003965C0 /* UIView + Extension.swift in Sources */,
				AB84A9872A78FC89003965C0 /* LocationView.swift in Sources */,
				AB84A9952A7952BD003965C0 /* Datasource.swift in Sources */,
				AB84A98F2A79191A003965C0 /* Protocol.swift in Sources */,
				AB84A9892A78FFE5003965C0 /* UIColor+Extension.swift in Sources */,
				AB84A9732A78EF24003965C0 /* SceneDelegate.swift in Sources */,
				AB84A9912A79232D003965C0 /* AboutMeView.swift in Sources */,
				AB84A9852A78F929003965C0 /* UserProfileView.swift in Sources */,
			);
			runOnlyForDeploymentPostprocessing = 0;
		};
/* End PBXSourcesBuildPhase section */

/* Begin PBXVariantGroup section */
		AB84A97B2A78EF25003965C0 /* LaunchScreen.storyboard */ = {
			isa = PBXVariantGroup;
			children = (
				AB84A97C2A78EF25003965C0 /* Base */,
			);
			name = LaunchScreen.storyboard;
			sourceTree = "<group>";
		};
/* End PBXVariantGroup section */

/* Begin XCBuildConfiguration section */
		AB84A97F2A78EF25003965C0 /* Debug */ = {
			isa = XCBuildConfiguration;
			buildSettings = {
				ALWAYS_SEARCH_USER_PATHS = NO;
				CLANG_ANALYZER_NONNULL = YES;
				CLANG_ANALYZER_NUMBER_OBJECT_CONVERSION = YES_AGGRESSIVE;
				CLANG_CXX_LANGUAGE_STANDARD = "gnu++20";
				CLANG_ENABLE_MODULES = YES;
				CLANG_ENABLE_OBJC_ARC = YES;
				CLANG_ENABLE_OBJC_WEAK = YES;
				CLANG_WARN_BLOCK_CAPTURE_AUTORELEASING = YES;
				CLANG_WARN_BOOL_CONVERSION = YES;
				CLANG_WARN_COMMA = YES;
				CLANG_WARN_CONSTANT_CONVERSION = YES;
				CLANG_WARN_DEPRECATED_OBJC_IMPLEMENTATIONS = YES;
				CLANG_WARN_DIRECT_OBJC_ISA_USAGE = YES_ERROR;
				CLANG_WARN_DOCUMENTATION_COMMENTS = YES;
				CLANG_WARN_EMPTY_BODY = YES;
				CLANG_WARN_ENUM_CONVERSION = YES;
				CLANG_WARN_INFINITE_RECURSION = YES;
				CLANG_WARN_INT_CONVERSION = YES;
				CLANG_WARN_NON_LITERAL_NULL_CONVERSION = YES;
				CLANG_WARN_OBJC_IMPLICIT_RETAIN_SELF = YES;
				CLANG_WARN_OBJC_LITERAL_CONVERSION = YES;
				CLANG_WARN_OBJC_ROOT_CLASS = YES_ERROR;
				CLANG_WARN_QUOTED_INCLUDE_IN_FRAMEWORK_HEADER = YES;
				CLANG_WARN_RANGE_LOOP_ANALYSIS = YES;
				CLANG_WARN_STRICT_PROTOTYPES = YES;
				CLANG_WARN_SUSPICIOUS_MOVE = YES;
				CLANG_WARN_UNGUARDED_AVAILABILITY = YES_AGGRESSIVE;
				CLANG_WARN_UNREACHABLE_CODE = YES;
				CLANG_WARN__DUPLICATE_METHOD_MATCH = YES;
				COPY_PHASE_STRIP = NO;
				DEBUG_INFORMATION_FORMAT = dwarf;
				ENABLE_STRICT_OBJC_MSGSEND = YES;
				ENABLE_TESTABILITY = YES;
				GCC_C_LANGUAGE_STANDARD = gnu11;
				GCC_DYNAMIC_NO_PIC = NO;
				GCC_NO_COMMON_BLOCKS = YES;
				GCC_OPTIMIZATION_LEVEL = 0;
				GCC_PREPROCESSOR_DEFINITIONS = (
					"DEBUG=1",
					"$(inherited)",
				);
				GCC_WARN_64_TO_32_BIT_CONVERSION = YES;
				GCC_WARN_ABOUT_RETURN_TYPE = YES_ERROR;
				GCC_WARN_UNDECLARED_SELECTOR = YES;
				GCC_WARN_UNINITIALIZED_AUTOS = YES_AGGRESSIVE;
				GCC_WARN_UNUSED_FUNCTION = YES;
				GCC_WARN_UNUSED_VARIABLE = YES;
				IPHONEOS_DEPLOYMENT_TARGET = 16.1;
				MTL_ENABLE_DEBUG_INFO = INCLUDE_SOURCE;
				MTL_FAST_MATH = YES;
				ONLY_ACTIVE_ARCH = YES;
				SDKROOT = iphoneos;
				SWIFT_ACTIVE_COMPILATION_CONDITIONS = DEBUG;
				SWIFT_OPTIMIZATION_LEVEL = "-Onone";
			};
			name = Debug;
		};
		AB84A9802A78EF25003965C0 /* Release */ = {
			isa = XCBuildConfiguration;
			buildSettings = {
				ALWAYS_SEARCH_USER_PATHS = NO;
				CLANG_ANALYZER_NONNULL = YES;
				CLANG_ANALYZER_NUMBER_OBJECT_CONVERSION = YES_AGGRESSIVE;
				CLANG_CXX_LANGUAGE_STANDARD = "gnu++20";
				CLANG_ENABLE_MODULES = YES;
				CLANG_ENABLE_OBJC_ARC = YES;
				CLANG_ENABLE_OBJC_WEAK = YES;
				CLANG_WARN_BLOCK_CAPTURE_AUTORELEASING = YES;
				CLANG_WARN_BOOL_CONVERSION = YES;
				CLANG_WARN_COMMA = YES;
				CLANG_WARN_CONSTANT_CONVERSION = YES;
				CLANG_WARN_DEPRECATED_OBJC_IMPLEMENTATIONS = YES;
				CLANG_WARN_DIRECT_OBJC_ISA_USAGE = YES_ERROR;
				CLANG_WARN_DOCUMENTATION_COMMENTS = YES;
				CLANG_WARN_EMPTY_BODY = YES;
				CLANG_WARN_ENUM_CONVERSION = YES;
				CLANG_WARN_INFINITE_RECURSION = YES;
				CLANG_WARN_INT_CONVERSION = YES;
				CLANG_WARN_NON_LITERAL_NULL_CONVERSION = YES;
				CLANG_WARN_OBJC_IMPLICIT_RETAIN_SELF = YES;
				CLANG_WARN_OBJC_LITERAL_CONVERSION = YES;
				CLANG_WARN_OBJC_ROOT_CLASS = YES_ERROR;
				CLANG_WARN_QUOTED_INCLUDE_IN_FRAMEWORK_HEADER = YES;
				CLANG_WARN_RANGE_LOOP_ANALYSIS = YES;
				CLANG_WARN_STRICT_PROTOTYPES = YES;
				CLANG_WARN_SUSPICIOUS_MOVE = YES;
				CLANG_WARN_UNGUARDED_AVAILABILITY = YES_AGGRESSIVE;
				CLANG_WARN_UNREACHABLE_CODE = YES;
				CLANG_WARN__DUPLICATE_METHOD_MATCH = YES;
				COPY_PHASE_STRIP = NO;
				DEBUG_INFORMATION_FORMAT = "dwarf-with-dsym";
				ENABLE_NS_ASSERTIONS = NO;
				ENABLE_STRICT_OBJC_MSGSEND = YES;
				GCC_C_LANGUAGE_STANDARD = gnu11;
				GCC_NO_COMMON_BLOCKS = YES;
				GCC_WARN_64_TO_32_BIT_CONVERSION = YES;
				GCC_WARN_ABOUT_RETURN_TYPE = YES_ERROR;
				GCC_WARN_UNDECLARED_SELECTOR = YES;
				GCC_WARN_UNINITIALIZED_AUTOS = YES_AGGRESSIVE;
				GCC_WARN_UNUSED_FUNCTION = YES;
				GCC_WARN_UNUSED_VARIABLE = YES;
				IPHONEOS_DEPLOYMENT_TARGET = 16.1;
				MTL_ENABLE_DEBUG_INFO = NO;
				MTL_FAST_MATH = YES;
				SDKROOT = iphoneos;
				SWIFT_COMPILATION_MODE = wholemodule;
				SWIFT_OPTIMIZATION_LEVEL = "-O";
				VALIDATE_PRODUCT = YES;
			};
			name = Release;
		};
		AB84A9822A78EF25003965C0 /* Debug */ = {
			isa = XCBuildConfiguration;
			buildSettings = {
				ASSETCATALOG_COMPILER_APPICON_NAME = AppIcon;
				ASSETCATALOG_COMPILER_GLOBAL_ACCENT_COLOR_NAME = AccentColor;
				CODE_SIGN_STYLE = Automatic;
				CURRENT_PROJECT_VERSION = 1;
				DEVELOPMENT_TEAM = V544T4J767;
				GENERATE_INFOPLIST_FILE = YES;
				INFOPLIST_FILE = SurfSchoolTest2023/Info.plist;
				INFOPLIST_KEY_UIApplicationSupportsIndirectInputEvents = YES;
				INFOPLIST_KEY_UILaunchStoryboardName = LaunchScreen;
				INFOPLIST_KEY_UISupportedInterfaceOrientations_iPad = "UIInterfaceOrientationPortrait UIInterfaceOrientationPortraitUpsideDown UIInterfaceOrientationLandscapeLeft UIInterfaceOrientationLandscapeRight";
				INFOPLIST_KEY_UISupportedInterfaceOrientations_iPhone = "UIInterfaceOrientationPortrait UIInterfaceOrientationLandscapeLeft UIInterfaceOrientationLandscapeRight";
				LD_RUNPATH_SEARCH_PATHS = (
					"$(inherited)",
					"@executable_path/Frameworks",
				);
				MARKETING_VERSION = 1.0;
				PRODUCT_BUNDLE_IDENTIFIER = com.kasaff.surfTest.SurfSchoolTest2023;
				PRODUCT_NAME = "$(TARGET_NAME)";
				SWIFT_EMIT_LOC_STRINGS = YES;
				SWIFT_VERSION = 5.0;
				TARGETED_DEVICE_FAMILY = "1,2";
			};
			name = Debug;
		};
		AB84A9832A78EF25003965C0 /* Release */ = {
			isa = XCBuildConfiguration;
			buildSettings = {
				ASSETCATALOG_COMPILER_APPICON_NAME = AppIcon;
				ASSETCATALOG_COMPILER_GLOBAL_ACCENT_COLOR_NAME = AccentColor;
				CODE_SIGN_STYLE = Automatic;
				CURRENT_PROJECT_VERSION = 1;
				DEVELOPMENT_TEAM = V544T4J767;
				GENERATE_INFOPLIST_FILE = YES;
				INFOPLIST_FILE = SurfSchoolTest2023/Info.plist;
				INFOPLIST_KEY_UIApplicationSupportsIndirectInputEvents = YES;
				INFOPLIST_KEY_UILaunchStoryboardName = LaunchScreen;
				INFOPLIST_KEY_UISupportedInterfaceOrientations_iPad = "UIInterfaceOrientationPortrait UIInterfaceOrientationPortraitUpsideDown UIInterfaceOrientationLandscapeLeft UIInterfaceOrientationLandscapeRight";
				INFOPLIST_KEY_UISupportedInterfaceOrientations_iPhone = "UIInterfaceOrientationPortrait UIInterfaceOrientationLandscapeLeft UIInterfaceOrientationLandscapeRight";
				LD_RUNPATH_SEARCH_PATHS = (
					"$(inherited)",
					"@executable_path/Frameworks",
				);
				MARKETING_VERSION = 1.0;
				PRODUCT_BUNDLE_IDENTIFIER = com.kasaff.surfTest.SurfSchoolTest2023;
				PRODUCT_NAME = "$(TARGET_NAME)";
				SWIFT_EMIT_LOC_STRINGS = YES;
				SWIFT_VERSION = 5.0;
				TARGETED_DEVICE_FAMILY = "1,2";
			};
			name = Release;
		};
/* End XCBuildConfiguration section */

/* Begin XCConfigurationList section */
		AB84A9682A78EF24003965C0 /* Build configuration list for PBXProject "SurfSchoolTest2023" */ = {
			isa = XCConfigurationList;
			buildConfigurations = (
				AB84A97F2A78EF25003965C0 /* Debug */,
				AB84A9802A78EF25003965C0 /* Release */,
			);
			defaultConfigurationIsVisible = 0;
			defaultConfigurationName = Release;
		};
		AB84A9812A78EF25003965C0 /* Build configuration list for PBXNativeTarget "SurfSchoolTest2023" */ = {
			isa = XCConfigurationList;
			buildConfigurations = (
				AB84A9822A78EF25003965C0 /* Debug */,
				AB84A9832A78EF25003965C0 /* Release */,
			);
			defaultConfigurationIsVisible = 0;
			defaultConfigurationName = Release;
		};
/* End XCConfigurationList section */
	};
	rootObject = AB84A9652A78EF24003965C0 /* Project object */;
}
